
Microsoft Visual Studio Solution File, Format Version 12.00
# Visual Studio Version 16
VisualStudioVersion = 16.0.30406.217
MinimumVisualStudioVersion = 10.0.40219.1
Project("{9A19103F-16F7-4668-BE54-9A1E7A4F7556}") = "Inventory", "Inventory\Inventory.csproj", "{532AE8F4-2C20-4E6F-859C-C858BF6EC153}"
EndProject
Global
	GlobalSection(SolutionConfigurationPlatforms) = preSolution
		Debug|Any CPU = Debug|Any CPU
		Release|Any CPU = Release|Any CPU
	EndGlobalSection
	GlobalSection(ProjectConfigurationPlatforms) = postSolution
		{532AE8F4-2C20-4E6F-859C-C858BF6EC153}.Debug|Any CPU.ActiveCfg = Debug|Any CPU
		{532AE8F4-2C20-4E6F-859C-C858BF6EC153}.Debug|Any CPU.Build.0 = Debug|Any CPU
		{532AE8F4-2C20-4E6F-859C-C858BF6EC153}.Release|Any CPU.ActiveCfg = Release|Any CPU
		{532AE8F4-2C20-4E6F-859C-C858BF6EC153}.Release|Any CPU.Build.0 = Release|Any CPU
	EndGlobalSection
	GlobalSection(SolutionProperties) = preSolution
		HideSolutionNode = FALSE
	EndGlobalSection
	GlobalSection(ExtensibilityGlobals) = postSolution
		SolutionGuid = {4B8E2AC2-2E90-45C4-A4BB-54B7F0DD1713}
	EndGlobalSection
EndGlobal
